{
  "name": "rust-wasm-demo",
  "version": "1.0.0",
  "lockfileVersion": 3,
  "requires": true,
  "packages": {
    "": {
      "name": "rust-wasm-demo",
      "version": "1.0.0",
      "license": "MIT",
      "dependencies": {
        "rust-wasm-demo": "file:../rust/pkg"
      }
    },
    "../rust/pkg": {
      "name": "rust-wasm-demo",
      "version": "0.1.0"
    },
    "node_modules/rust-wasm-demo": {
      "resolved": "../rust/pkg",
      "link": true
    }
  }
}
